# THIS IS AN AUTOGENERATED FILE. DO NOT EDIT THIS FILE DIRECTLY.
# yarn lockfile v1


nats@^2.18.0:
  version "2.18.0"
  resolved "https://registry.yarnpkg.com/nats/-/nats-2.18.0.tgz#a82b263ed71be0f8518af4313e2339055e5d946b"
  integrity sha512-zZF004ejzf67Za0Tva+xphxoxBMNc5IMLqbZ7Ho0j9TMuisjpo+qCd1EktXRCLNxmrZ8O6Tbm1dBsZYNF6yR1A==
  dependencies:
    nkeys.js "1.0.5"

nkeys.js@1.0.5:
  version "1.0.5"
  resolved "https://registry.yarnpkg.com/nkeys.js/-/nkeys.js-1.0.5.tgz#3024bde671eb33be0316ff2d5abe8b8cec960158"
  integrity sha512-u25YnRPHiGVsNzwyHnn+PT90sgAhnS8jUJ1nxmkHMFYCJ6+Ic0lv291w7uhRBpJVJ3PH2GWbYqA151lGCRrB5g==
  dependencies:
    tweetnacl "1.0.3"

tweetnacl@1.0.3:
  version "1.0.3"
  resolved "https://registry.yarnpkg.com/tweetnacl/-/tweetnacl-1.0.3.tgz#ac0af71680458d8a6378d0d0d050ab1407d35596"
  integrity sha512-6rt+RN7aOi1nGMyC4Xa5DdYiukl2UWCbcJft7YhxReBGQD7OAM8Pbxw6YMo4r2diNEA8FEmu32YOn9rhaiE5yw==
